
Microsoft Visual Studio Solution File, Format Version 12.00
# Visual Studio Version 16
VisualStudioVersion = 16.0.33529.622
MinimumVisualStudioVersion = 10.0.40219.1
Project("{FAE04EC0-301F-11D3-BF4B-00C04F79EFBC}") = "ParkingSystem", "ParkingSystem\ParkingSystem.csproj", "{D26D8568-0560-4C10-8650-C7E39A600E59}"
EndProject
Project("{FAE04EC0-301F-11D3-BF4B-00C04F79EFBC}") = "ParkingAPI", "ParkingAPI\ParkingAPI.csproj", "{A0F5E7B2-BBCB-4C83-B2B5-2F9441DCDC7E}"
EndProject
Global
	GlobalSection(SolutionConfigurationPlatforms) = preSolution
		Debug|Any CPU = Debug|Any CPU
		Release|Any CPU = Release|Any CPU
	EndGlobalSection
	GlobalSection(ProjectConfigurationPlatforms) = postSolution
		{D26D8568-0560-4C10-8650-C7E39A600E59}.Debug|Any CPU.ActiveCfg = Debug|Any CPU
		{D26D8568-0560-4C10-8650-C7E39A600E59}.Debug|Any CPU.Build.0 = Debug|Any CPU
		{D26D8568-0560-4C10-8650-C7E39A600E59}.Release|Any CPU.ActiveCfg = Release|Any CPU
		{D26D8568-0560-4C10-8650-C7E39A600E59}.Release|Any CPU.Build.0 = Release|Any CPU
		{A0F5E7B2-BBCB-4C83-B2B5-2F9441DCDC7E}.Debug|Any CPU.ActiveCfg = Debug|Any CPU
		{A0F5E7B2-BBCB-4C83-B2B5-2F9441DCDC7E}.Debug|Any CPU.Build.0 = Debug|Any CPU
		{A0F5E7B2-BBCB-4C83-B2B5-2F9441DCDC7E}.Release|Any CPU.ActiveCfg = Release|Any CPU
		{A0F5E7B2-BBCB-4C83-B2B5-2F9441DCDC7E}.Release|Any CPU.Build.0 = Release|Any CPU
	EndGlobalSection
	GlobalSection(SolutionProperties) = preSolution
		HideSolutionNode = FALSE
	EndGlobalSection
	GlobalSection(ExtensibilityGlobals) = postSolution
		SolutionGuid = {1A4B0E26-2F97-4178-86BE-4B9785AE8DD8}
	EndGlobalSection
EndGlobal
